
Microsoft Visual Studio Solution File, Format Version 12.00
# Visual Studio Version 17
VisualStudioVersion = 17.7.34202.233
MinimumVisualStudioVersion = 10.0.40219.1
Project("{FAE04EC0-301F-11D3-BF4B-00C04F79EFBC}") = "Bruteforce", "bruteforce\Bruteforce.csproj", "{B24BD4CA-B6CC-4BEE-838A-C245B9835151}"
EndProject
Project("{FAE04EC0-301F-11D3-BF4B-00C04F79EFBC}") = "BruteforceTests", "bruteforceTests\BruteforceTests.csproj", "{86F2CA50-CB02-41DA-AB4D-264E487E0752}"
EndProject
Global
	GlobalSection(SolutionConfigurationPlatforms) = preSolution
		Debug|Any CPU = Debug|Any CPU
		Release|Any CPU = Release|Any CPU
	EndGlobalSection
	GlobalSection(ProjectConfigurationPlatforms) = postSolution
		{B24BD4CA-B6CC-4BEE-838A-C245B9835151}.Debug|Any CPU.ActiveCfg = Debug|Any CPU
		{B24BD4CA-B6CC-4BEE-838A-C245B9835151}.Debug|Any CPU.Build.0 = Debug|Any CPU
		{B24BD4CA-B6CC-4BEE-838A-C245B9835151}.Release|Any CPU.ActiveCfg = Release|Any CPU
		{B24BD4CA-B6CC-4BEE-838A-C245B9835151}.Release|Any CPU.Build.0 = Release|Any CPU
		{86F2CA50-CB02-41DA-AB4D-264E487E0752}.Debug|Any CPU.ActiveCfg = Debug|Any CPU
		{86F2CA50-CB02-41DA-AB4D-264E487E0752}.Debug|Any CPU.Build.0 = Debug|Any CPU
		{86F2CA50-CB02-41DA-AB4D-264E487E0752}.Release|Any CPU.ActiveCfg = Release|Any CPU
		{86F2CA50-CB02-41DA-AB4D-264E487E0752}.Release|Any CPU.Build.0 = Release|Any CPU
	EndGlobalSection
	GlobalSection(SolutionProperties) = preSolution
		HideSolutionNode = FALSE
	EndGlobalSection
	GlobalSection(ExtensibilityGlobals) = postSolution
		SolutionGuid = {4875C341-D71D-4A79-9C09-845E09FD2426}
	EndGlobalSection
EndGlobal
